
Microsoft Visual Studio Solution File, Format Version 12.00
# Visual Studio Version 17
VisualStudioVersion = 17.5.33516.290
MinimumVisualStudioVersion = 10.0.40219.1
Project("{9A19103F-16F7-4668-BE54-9A1E7A4F7556}") = "Hi", "Hi.csproj", "{973DF541-7BA0-47F9-8210-FA58CCE24B64}"
EndProject
Project("{9A19103F-16F7-4668-BE54-9A1E7A4F7556}") = "Injection", "..\Injection\Injection.csproj", "{BC7DE48C-F08F-4157-BFE1-50CCA6270EF9}"
EndProject
Project("{9A19103F-16F7-4668-BE54-9A1E7A4F7556}") = "MvcMovie", "..\MvcMovie\MvcMovie.csproj", "{78754CF9-F0EE-4E37-9F18-7F706AB4679C}"
EndProject
Project("{9A19103F-16F7-4668-BE54-9A1E7A4F7556}") = "DependencyInjection", "..\DependencyInjection\DependencyInjection.csproj", "{04E72688-82C0-4BD8-825B-7DC1998E2672}"
EndProject
Project("{9A19103F-16F7-4668-BE54-9A1E7A4F7556}") = "LogServices", "..\LogServices\LogServices.csproj", "{D6DB4D2F-4F03-4DD0-800D-59DA7DCFDBBB}"
EndProject
Project("{9A19103F-16F7-4668-BE54-9A1E7A4F7556}") = "MileService", "..\MileService\MileService.csproj", "{ED72E103-02C7-4695-961E-805F0C86CCE5}"
EndProject
Project("{9A19103F-16F7-4668-BE54-9A1E7A4F7556}") = "ConfigService", "..\ConfigService\ConfigService.csproj", "{B96CA21F-B98E-4439-8A86-523191E2AB59}"
EndProject
Project("{2150E333-8FDC-42A3-9474-1A3956D46DE8}") = "InjectionLearn", "InjectionLearn", "{B87F70D9-8451-4D40-9587-9A8C46F29F76}"
EndProject
Project("{2150E333-8FDC-42A3-9474-1A3956D46DE8}") = "ConfigLearn", "ConfigLearn", "{6D8DBCA2-8081-42DC-B5AE-294BC034ADFB}"
EndProject
Project("{9A19103F-16F7-4668-BE54-9A1E7A4F7556}") = "Config1(json)", "..\Config1(json)\Config1(json).csproj", "{1D7811A5-5E2B-4D79-BFDA-225F2F4B15A1}"
EndProject
Project("{2150E333-8FDC-42A3-9474-1A3956D46DE8}") = "MVC", "MVC", "{55B7EFBD-D3BD-4C6A-81B4-382C70184289}"
EndProject
Project("{9A19103F-16F7-4668-BE54-9A1E7A4F7556}") = "MVCLearning", "..\MVCLearning\MVCLearning.csproj", "{4DAC14DF-3915-49EA-911D-55343C939DA5}"
EndProject
Project("{2150E333-8FDC-42A3-9474-1A3956D46DE8}") = "WebApi huo cache", "WebApi huo cache", "{57251365-4ED0-417B-845A-1D78F1EC163C}"
EndProject
Project("{9A19103F-16F7-4668-BE54-9A1E7A4F7556}") = "WebApiLearn", "..\WebApiLearn\WebApiLearn.csproj", "{4A42601C-6885-4995-8693-D3CFF150F26A}"
EndProject
Project("{9A19103F-16F7-4668-BE54-9A1E7A4F7556}") = "Redis", "..\..\..\..\..\之前的电脑备份\备份\.NET core\ASP.NET Core WebApi\Redis\Redis.csproj", "{2AAB2A29-B834-4D57-BB6C-98C5E12B393C}"
EndProject
Project("{2150E333-8FDC-42A3-9474-1A3956D46DE8}") = "ThreadAndYiBu", "ThreadAndYiBu", "{9AA15FE3-1FD6-433D-BA7E-7A602B28F133}"
EndProject
Project("{9A19103F-16F7-4668-BE54-9A1E7A4F7556}") = "Thread", "..\Thread\Thread.csproj", "{B165C9AA-5CFB-4603-9937-510788C9904D}"
EndProject
Global
	GlobalSection(SolutionConfigurationPlatforms) = preSolution
		Debug|Any CPU = Debug|Any CPU
		Release|Any CPU = Release|Any CPU
	EndGlobalSection
	GlobalSection(ProjectConfigurationPlatforms) = postSolution
		{973DF541-7BA0-47F9-8210-FA58CCE24B64}.Debug|Any CPU.ActiveCfg = Debug|Any CPU
		{973DF541-7BA0-47F9-8210-FA58CCE24B64}.Debug|Any CPU.Build.0 = Debug|Any CPU
		{973DF541-7BA0-47F9-8210-FA58CCE24B64}.Release|Any CPU.ActiveCfg = Release|Any CPU
		{973DF541-7BA0-47F9-8210-FA58CCE24B64}.Release|Any CPU.Build.0 = Release|Any CPU
		{BC7DE48C-F08F-4157-BFE1-50CCA6270EF9}.Debug|Any CPU.ActiveCfg = Debug|Any CPU
		{BC7DE48C-F08F-4157-BFE1-50CCA6270EF9}.Debug|Any CPU.Build.0 = Debug|Any CPU
		{BC7DE48C-F08F-4157-BFE1-50CCA6270EF9}.Release|Any CPU.ActiveCfg = Release|Any CPU
		{BC7DE48C-F08F-4157-BFE1-50CCA6270EF9}.Release|Any CPU.Build.0 = Release|Any CPU
		{78754CF9-F0EE-4E37-9F18-7F706AB4679C}.Debug|Any CPU.ActiveCfg = Debug|Any CPU
		{78754CF9-F0EE-4E37-9F18-7F706AB4679C}.Debug|Any CPU.Build.0 = Debug|Any CPU
		{78754CF9-F0EE-4E37-9F18-7F706AB4679C}.Release|Any CPU.ActiveCfg = Release|Any CPU
		{78754CF9-F0EE-4E37-9F18-7F706AB4679C}.Release|Any CPU.Build.0 = Release|Any CPU
		{04E72688-82C0-4BD8-825B-7DC1998E2672}.Debug|Any CPU.ActiveCfg = Debug|Any CPU
		{04E72688-82C0-4BD8-825B-7DC1998E2672}.Debug|Any CPU.Build.0 = Debug|Any CPU
		{04E72688-82C0-4BD8-825B-7DC1998E2672}.Release|Any CPU.ActiveCfg = Release|Any CPU
		{04E72688-82C0-4BD8-825B-7DC1998E2672}.Release|Any CPU.Build.0 = Release|Any CPU
		{D6DB4D2F-4F03-4DD0-800D-59DA7DCFDBBB}.Debug|Any CPU.ActiveCfg = Debug|Any CPU
		{D6DB4D2F-4F03-4DD0-800D-59DA7DCFDBBB}.Debug|Any CPU.Build.0 = Debug|Any CPU
		{D6DB4D2F-4F03-4DD0-800D-59DA7DCFDBBB}.Release|Any CPU.ActiveCfg = Release|Any CPU
		{D6DB4D2F-4F03-4DD0-800D-59DA7DCFDBBB}.Release|Any CPU.Build.0 = Release|Any CPU
		{ED72E103-02C7-4695-961E-805F0C86CCE5}.Debug|Any CPU.ActiveCfg = Debug|Any CPU
		{ED72E103-02C7-4695-961E-805F0C86CCE5}.Debug|Any CPU.Build.0 = Debug|Any CPU
		{ED72E103-02C7-4695-961E-805F0C86CCE5}.Release|Any CPU.ActiveCfg = Release|Any CPU
		{ED72E103-02C7-4695-961E-805F0C86CCE5}.Release|Any CPU.Build.0 = Release|Any CPU
		{B96CA21F-B98E-4439-8A86-523191E2AB59}.Debug|Any CPU.ActiveCfg = Debug|Any CPU
		{B96CA21F-B98E-4439-8A86-523191E2AB59}.Debug|Any CPU.Build.0 = Debug|Any CPU
		{B96CA21F-B98E-4439-8A86-523191E2AB59}.Release|Any CPU.ActiveCfg = Release|Any CPU
		{B96CA21F-B98E-4439-8A86-523191E2AB59}.Release|Any CPU.Build.0 = Release|Any CPU
		{1D7811A5-5E2B-4D79-BFDA-225F2F4B15A1}.Debug|Any CPU.ActiveCfg = Debug|Any CPU
		{1D7811A5-5E2B-4D79-BFDA-225F2F4B15A1}.Debug|Any CPU.Build.0 = Debug|Any CPU
		{1D7811A5-5E2B-4D79-BFDA-225F2F4B15A1}.Release|Any CPU.ActiveCfg = Release|Any CPU
		{1D7811A5-5E2B-4D79-BFDA-225F2F4B15A1}.Release|Any CPU.Build.0 = Release|Any CPU
		{4DAC14DF-3915-49EA-911D-55343C939DA5}.Debug|Any CPU.ActiveCfg = Debug|Any CPU
		{4DAC14DF-3915-49EA-911D-55343C939DA5}.Debug|Any CPU.Build.0 = Debug|Any CPU
		{4DAC14DF-3915-49EA-911D-55343C939DA5}.Release|Any CPU.ActiveCfg = Release|Any CPU
		{4DAC14DF-3915-49EA-911D-55343C939DA5}.Release|Any CPU.Build.0 = Release|Any CPU
		{4A42601C-6885-4995-8693-D3CFF150F26A}.Debug|Any CPU.ActiveCfg = Debug|Any CPU
		{4A42601C-6885-4995-8693-D3CFF150F26A}.Debug|Any CPU.Build.0 = Debug|Any CPU
		{4A42601C-6885-4995-8693-D3CFF150F26A}.Release|Any CPU.ActiveCfg = Release|Any CPU
		{4A42601C-6885-4995-8693-D3CFF150F26A}.Release|Any CPU.Build.0 = Release|Any CPU
		{2AAB2A29-B834-4D57-BB6C-98C5E12B393C}.Debug|Any CPU.ActiveCfg = Debug|Any CPU
		{2AAB2A29-B834-4D57-BB6C-98C5E12B393C}.Debug|Any CPU.Build.0 = Debug|Any CPU
		{2AAB2A29-B834-4D57-BB6C-98C5E12B393C}.Release|Any CPU.ActiveCfg = Release|Any CPU
		{2AAB2A29-B834-4D57-BB6C-98C5E12B393C}.Release|Any CPU.Build.0 = Release|Any CPU
		{B165C9AA-5CFB-4603-9937-510788C9904D}.Debug|Any CPU.ActiveCfg = Debug|Any CPU
		{B165C9AA-5CFB-4603-9937-510788C9904D}.Debug|Any CPU.Build.0 = Debug|Any CPU
		{B165C9AA-5CFB-4603-9937-510788C9904D}.Release|Any CPU.ActiveCfg = Release|Any CPU
		{B165C9AA-5CFB-4603-9937-510788C9904D}.Release|Any CPU.Build.0 = Release|Any CPU
	EndGlobalSection
	GlobalSection(SolutionProperties) = preSolution
		HideSolutionNode = FALSE
	EndGlobalSection
	GlobalSection(NestedProjects) = preSolution
		{04E72688-82C0-4BD8-825B-7DC1998E2672} = {B87F70D9-8451-4D40-9587-9A8C46F29F76}
		{D6DB4D2F-4F03-4DD0-800D-59DA7DCFDBBB} = {B87F70D9-8451-4D40-9587-9A8C46F29F76}
		{ED72E103-02C7-4695-961E-805F0C86CCE5} = {B87F70D9-8451-4D40-9587-9A8C46F29F76}
		{B96CA21F-B98E-4439-8A86-523191E2AB59} = {B87F70D9-8451-4D40-9587-9A8C46F29F76}
		{1D7811A5-5E2B-4D79-BFDA-225F2F4B15A1} = {6D8DBCA2-8081-42DC-B5AE-294BC034ADFB}
		{55B7EFBD-D3BD-4C6A-81B4-382C70184289} = {B87F70D9-8451-4D40-9587-9A8C46F29F76}
		{4DAC14DF-3915-49EA-911D-55343C939DA5} = {55B7EFBD-D3BD-4C6A-81B4-382C70184289}
		{4A42601C-6885-4995-8693-D3CFF150F26A} = {57251365-4ED0-417B-845A-1D78F1EC163C}
		{2AAB2A29-B834-4D57-BB6C-98C5E12B393C} = {57251365-4ED0-417B-845A-1D78F1EC163C}
		{B165C9AA-5CFB-4603-9937-510788C9904D} = {9AA15FE3-1FD6-433D-BA7E-7A602B28F133}
	EndGlobalSection
	GlobalSection(ExtensibilityGlobals) = postSolution
		SolutionGuid = {6312B2AF-1323-4968-B7BB-E853A5697DBB}
	EndGlobalSection
EndGlobal
